// !$*UTF8*$!
{
	archiveVersion = 1;
	classes = {
	};
	objectVersion = 50;
	objects = {

/* Begin PBXBuildFile section */
		3ABC9F312582721500471A6C /* AppDelegate.m in Sources */ = {isa = PBXBuildFile; fileRef = 3ABC9F302582721500471A6C /* AppDelegate.m */; };
		3ABC9F342582721500471A6C /* SceneDelegate.m in Sources */ = {isa = PBXBuildFile; fileRef = 3ABC9F332582721500471A6C /* SceneDelegate.m */; };
		3ABC9F372582721500471A6C /* ViewController.m in Sources */ = {isa = PBXBuildFile; fileRef = 3ABC9F362582721500471A6C /* ViewController.m */; };
		3ABC9F3A2582721500471A6C /* Main.storyboard in Resources */ = {isa = PBXBuildFile; fileRef = 3ABC9F382582721500471A6C /* Main.storyboard */; };
		3ABC9F3C2582721700471A6C /* Assets.xcassets in Resources */ = {isa = PBXBuildFile; fileRef = 3ABC9F3B2582721700471A6C /* Assets.xcassets */; };
		3ABC9F3F2582721700471A6C /* LaunchScreen.storyboard in Resources */ = {isa = PBXBuildFile; fileRef = 3ABC9F3D2582721700471A6C /* LaunchScreen.storyboard */; };
		3ABC9F422582721700471A6C /* main.m in Sources */ = {isa = PBXBuildFile; fileRef = 3ABC9F412582721700471A6C /* main.m */; };
		8D3B2208832C792051670706 /* Pods_InstantCut.framework in Frameworks */ = {isa = PBXBuildFile; fileRef = F5D0A218829D35849F591C44 /* Pods_InstantCut.framework */; };
/* End PBXBuildFile section */

/* Begin PBXFileReference section */
		3ABC9F2C2582721500471A6C /* InstantCut.app */ = {isa = PBXFileReference; explicitFileType = wrapper.application; includeInIndex = 0; path = InstantCut.app; sourceTree = BUILT_PRODUCTS_DIR; };
		3ABC9F2F2582721500471A6C /* AppDelegate.h */ = {isa = PBXFileReference; lastKnownFileType = sourcecode.c.h; path = AppDelegate.h; sourceTree = "<group>"; };
		3ABC9F302582721500471A6C /* AppDelegate.m */ = {isa = PBXFileReference; lastKnownFileType = sourcecode.c.objc; path = AppDelegate.m; sourceTree = "<group>"; };
		3ABC9F322582721500471A6C /* SceneDelegate.h */ = {isa = PBXFileReference; lastKnownFileType = sourcecode.c.h; path = SceneDelegate.h; sourceTree = "<group>"; };
		3ABC9F332582721500471A6C /* SceneDelegate.m */ = {isa = PBXFileReference; lastKnownFileType = sourcecode.c.objc; path = SceneDelegate.m; sourceTree = "<group>"; };
		3ABC9F352582721500471A6C /* ViewController.h */ = {isa = PBXFileReference; lastKnownFileType = sourcecode.c.h; path = ViewController.h; sourceTree = "<group>"; };
		3ABC9F362582721500471A6C /* ViewController.m */ = {isa = PBXFileReference; lastKnownFileType = sourcecode.c.objc; path = ViewController.m; sourceTree = "<group>"; };
		3ABC9F392582721500471A6C /* Base */ = {isa = PBXFileReference; lastKnownFileType = file.storyboard; name = Base; path = Base.lproj/Main.storyboard; sourceTree = "<group>"; };
		3ABC9F3B2582721700471A6C /* Assets.xcassets */ = {isa = PBXFileReference; lastKnownFileType = folder.assetcatalog; path = Assets.xcassets; sourceTree = "<group>"; };
		3ABC9F3E2582721700471A6C /* Base */ = {isa = PBXFileReference; lastKnownFileType = file.storyboard; name = Base; path = Base.lproj/LaunchScreen.storyboard; sourceTree = "<group>"; };
		3ABC9F402582721700471A6C /* Info.plist */ = {isa = PBXFileReference; lastKnownFileType = text.plist.xml; path = Info.plist; sourceTree = "<group>"; };
		3ABC9F412582721700471A6C /* main.m */ = {isa = PBXFileReference; lastKnownFileType = sourcecode.c.objc; path = main.m; sourceTree = "<group>"; };
		3ABC9F4A258273DE00471A6C /* 1.mp4 */ = {isa = PBXFileReference; lastKnownFileType = file; path = 1.mp4; sourceTree = "<group>"; };
		70ED342F5D2159EDBD89FF7D /* Pods-InstantCut.debug.xcconfig */ = {isa = PBXFileReference; includeInIndex = 1; lastKnownFileType = text.xcconfig; name = "Pods-InstantCut.debug.xcconfig"; path = "Target Support Files/Pods-InstantCut/Pods-InstantCut.debug.xcconfig"; sourceTree = "<group>"; };
		8E40353C9E68F869C080338E /* Pods-InstantCut.release.xcconfig */ = {isa = PBXFileReference; includeInIndex = 1; lastKnownFileType = text.xcconfig; name = "Pods-InstantCut.release.xcconfig"; path = "Target Support Files/Pods-InstantCut/Pods-InstantCut.release.xcconfig"; sourceTree = "<group>"; };
		F5D0A218829D35849F591C44 /* Pods_InstantCut.framework */ = {isa = PBXFileReference; explicitFileType = wrapper.framework; includeInIndex = 0; path = Pods_InstantCut.framework; sourceTree = BUILT_PRODUCTS_DIR; };
/* End PBXFileReference section */

/* Begin PBXFrameworksBuildPhase section */
		3ABC9F292582721500471A6C /* Frameworks */ = {
			isa = PBXFrameworksBuildPhase;
			buildActionMask = 2147483647;
			files = (
				8D3B2208832C792051670706 /* Pods_InstantCut.framework in Frameworks */,
			);
			runOnlyForDeploymentPostprocessing = 0;
		};
/* End PBXFrameworksBuildPhase section */

/* Begin PBXGroup section */
		3ABC9F232582721500471A6C = {
			isa = PBXGroup;
			children = (
				3ABC9F2E2582721500471A6C /* InstantCut */,
				3ABC9F2D2582721500471A6C /* Products */,
				93A938D229959CFA5F867979 /* Pods */,
				A1523C1476C6571B44199ED6 /* Frameworks */,
			);
			sourceTree = "<group>";
		};
		3ABC9F2D2582721500471A6C /* Products */ = {
			isa = PBXGroup;
			children = (
				3ABC9F2C2582721500471A6C /* InstantCut.app */,
			);
			name = Products;
			sourceTree = "<group>";
		};
		3ABC9F2E2582721500471A6C /* InstantCut */ = {
			isa = PBXGroup;
			children = (
				3ABC9F49258273A900471A6C /* TestVideo */,
				3ABC9F2F2582721500471A6C /* AppDelegate.h */,
				3ABC9F302582721500471A6C /* AppDelegate.m */,
				3ABC9F322582721500471A6C /* SceneDelegate.h */,
				3ABC9F332582721500471A6C /* SceneDelegate.m */,
				3ABC9F352582721500471A6C /* ViewController.h */,
				3ABC9F362582721500471A6C /* ViewController.m */,
				3ABC9F382582721500471A6C /* Main.storyboard */,
				3ABC9F3B2582721700471A6C /* Assets.xcassets */,
				3ABC9F3D2582721700471A6C /* LaunchScreen.storyboard */,
				3ABC9F402582721700471A6C /* Info.plist */,
				3ABC9F412582721700471A6C /* main.m */,
			);
			path = InstantCut;
			sourceTree = "<group>";
		};
		3ABC9F49258273A900471A6C /* TestVideo */ = {
			isa = PBXGroup;
			children = (
				3ABC9F4A258273DE00471A6C /* 1.mp4 */,
			);
			path = TestVideo;
			sourceTree = "<group>";
		};
		93A938D229959CFA5F867979 /* Pods */ = {
			isa = PBXGroup;
			children = (
				70ED342F5D2159EDBD89FF7D /* Pods-InstantCut.debug.xcconfig */,
				8E40353C9E68F869C080338E /* Pods-InstantCut.release.xcconfig */,
			);
			name = Pods;
			path = Pods;
			sourceTree = "<group>";
		};
		A1523C1476C6571B44199ED6 /* Frameworks */ = {
			isa = PBXGroup;
			children = (
				F5D0A218829D35849F591C44 /* Pods_InstantCut.framework */,
			);
			name = Frameworks;
			sourceTree = "<group>";
		};
/* End PBXGroup section */

/* Begin PBXNativeTarget section */
		3ABC9F2B2582721500471A6C /* InstantCut */ = {
			isa = PBXNativeTarget;
			buildConfigurationList = 3ABC9F452582721700471A6C /* Build configuration list for PBXNativeTarget "InstantCut" */;
			buildPhases = (
				DAD124FD4B34C6666DE16D3A /* [CP] Check Pods Manifest.lock */,
				3ABC9F282582721500471A6C /* Sources */,
				3ABC9F292582721500471A6C /* Frameworks */,
				3ABC9F2A2582721500471A6C /* Resources */,
			);
			buildRules = (
			);
			dependencies = (
			);
			name = InstantCut;
			productName = InstantCut;
			productReference = 3ABC9F2C2582721500471A6C /* InstantCut.app */;
			productType = "com.apple.product-type.application";
		};
/* End PBXNativeTarget section */

/* Begin PBXProject section */
		3ABC9F242582721500471A6C /* Project object */ = {
			isa = PBXProject;
			attributes = {
				LastUpgradeCheck = 1200;
				TargetAttributes = {
					3ABC9F2B2582721500471A6C = {
						CreatedOnToolsVersion = 12.0.1;
					};
				};
			};
			buildConfigurationList = 3ABC9F272582721500471A6C /* Build configuration list for PBXProject "InstantCut" */;
			compatibilityVersion = "Xcode 9.3";
			developmentRegion = en;
			hasScannedForEncodings = 0;
			knownRegions = (
				en,
				Base,
			);
			mainGroup = 3ABC9F232582721500471A6C;
			productRefGroup = 3ABC9F2D2582721500471A6C /* Products */;
			projectDirPath = "";
			projectRoot = "";
			targets = (
				3ABC9F2B2582721500471A6C /* InstantCut */,
			);
		};
/* End PBXProject section */

/* Begin PBXResourcesBuildPhase section */
		3ABC9F2A2582721500471A6C /* Resources */ = {
			isa = PBXResourcesBuildPhase;
			buildActionMask = 2147483647;
			files = (
				3ABC9F3F2582721700471A6C /* LaunchScreen.storyboard in Resources */,
				3ABC9F3C2582721700471A6C /* Assets.xcassets in Resources */,
				3ABC9F3A2582721500471A6C /* Main.storyboard in Resources */,
			);
			runOnlyForDeploymentPostprocessing = 0;
		};
/* End PBXResourcesBuildPhase section */

/* Begin PBXShellScriptBuildPhase section */
		DAD124FD4B34C6666DE16D3A /* [CP] Check Pods Manifest.lock */ = {
			isa = PBXShellScriptBuildPhase;
			buildActionMask = 2147483647;
			files = (
			);
			inputFileListPaths = (
			);
			inputPaths = (
				"${PODS_PODFILE_DIR_PATH}/Podfile.lock",
				"${PODS_ROOT}/Manifest.lock",
			);
			name = "[CP] Check Pods Manifest.lock";
			outputFileListPaths = (
			);
			outputPaths = (
				"$(DERIVED_FILE_DIR)/Pods-InstantCut-checkManifestLockResult.txt",
			);
			runOnlyForDeploymentPostprocessing = 0;
			shellPath = /bin/sh;
			shellScript = "diff \"${PODS_PODFILE_DIR_PATH}/Podfile.lock\" \"${PODS_ROOT}/Manifest.lock\" > /dev/null\nif [ $? != 0 ] ; then\n    # print error to STDERR\n    echo \"error: The sandbox is not in sync with the Podfile.lock. Run 'pod install' or update your CocoaPods installation.\" >&2\n    exit 1\nfi\n# This output is used by Xcode 'outputs' to avoid re-running this script phase.\necho \"SUCCESS\" > \"${SCRIPT_OUTPUT_FILE_0}\"\n";
			showEnvVarsInLog = 0;
		};
/* End PBXShellScriptBuildPhase section */

/* Begin PBXSourcesBuildPhase section */
		3ABC9F282582721500471A6C /* Sources */ = {
			isa = PBXSourcesBuildPhase;
			buildActionMask = 2147483647;
			files = (
				3ABC9F372582721500471A6C /* ViewController.m in Sources */,
				3ABC9F312582721500471A6C /* AppDelegate.m in Sources */,
				3ABC9F422582721700471A6C /* main.m in Sources */,
				3ABC9F342582721500471A6C /* SceneDelegate.m in Sources */,
			);
			runOnlyForDeploymentPostprocessing = 0;
		};
/* End PBXSourcesBuildPhase section */

/* Begin PBXVariantGroup section */
		3ABC9F382582721500471A6C /* Main.storyboard */ = {
			isa = PBXVariantGroup;
			children = (
				3ABC9F392582721500471A6C /* Base */,
			);
			name = Main.storyboard;
			sourceTree = "<group>";
		};
		3ABC9F3D2582721700471A6C /* LaunchScreen.storyboard */ = {
			isa = PBXVariantGroup;
			children = (
				3ABC9F3E2582721700471A6C /* Base */,
			);
			name = LaunchScreen.storyboard;
			sourceTree = "<group>";
		};
/* End PBXVariantGroup section */

/* Begin XCBuildConfiguration section */
		3ABC9F432582721700471A6C /* Debug */ = {
			isa = XCBuildConfiguration;
			buildSettings = {
				ALWAYS_SEARCH_USER_PATHS = NO;
				CLANG_ANALYZER_NONNULL = YES;
				CLANG_ANALYZER_NUMBER_OBJECT_CONVERSION = YES_AGGRESSIVE;
				CLANG_CXX_LANGUAGE_STANDARD = "gnu++14";
				CLANG_CXX_LIBRARY = "libc++";
				CLANG_ENABLE_MODULES = YES;
				CLANG_ENABLE_OBJC_ARC = YES;
				CLANG_ENABLE_OBJC_WEAK = YES;
				CLANG_WARN_BLOCK_CAPTURE_AUTORELEASING = YES;
				CLANG_WARN_BOOL_CONVERSION = YES;
				CLANG_WARN_COMMA = YES;
				CLANG_WARN_CONSTANT_CONVERSION = YES;
				CLANG_WARN_DEPRECATED_OBJC_IMPLEMENTATIONS = YES;
				CLANG_WARN_DIRECT_OBJC_ISA_USAGE = YES_ERROR;
				CLANG_WARN_DOCUMENTATION_COMMENTS = YES;
				CLANG_WARN_EMPTY_BODY = YES;
				CLANG_WARN_ENUM_CONVERSION = YES;
				CLANG_WARN_INFINITE_RECURSION = YES;
				CLANG_WARN_INT_CONVERSION = YES;
				CLANG_WARN_NON_LITERAL_NULL_CONVERSION = YES;
				CLANG_WARN_OBJC_IMPLICIT_RETAIN_SELF = YES;
				CLANG_WARN_OBJC_LITERAL_CONVERSION = YES;
				CLANG_WARN_OBJC_ROOT_CLASS = YES_ERROR;
				CLANG_WARN_QUOTED_INCLUDE_IN_FRAMEWORK_HEADER = YES;
				CLANG_WARN_RANGE_LOOP_ANALYSIS = YES;
				CLANG_WARN_STRICT_PROTOTYPES = YES;
				CLANG_WARN_SUSPICIOUS_MOVE = YES;
				CLANG_WARN_UNGUARDED_AVAILABILITY = YES_AGGRESSIVE;
				CLANG_WARN_UNREACHABLE_CODE = YES;
				CLANG_WARN__DUPLICATE_METHOD_MATCH = YES;
				COPY_PHASE_STRIP = NO;
				DEBUG_INFORMATION_FORMAT = dwarf;
				ENABLE_STRICT_OBJC_MSGSEND = YES;
				ENABLE_TESTABILITY = YES;
				GCC_C_LANGUAGE_STANDARD = gnu11;
				GCC_DYNAMIC_NO_PIC = NO;
				GCC_NO_COMMON_BLOCKS = YES;
				GCC_OPTIMIZATION_LEVEL = 0;
				GCC_PREPROCESSOR_DEFINITIONS = (
					"DEBUG=1",
					"$(inherited)",
				);
				GCC_WARN_64_TO_32_BIT_CONVERSION = YES;
				GCC_WARN_ABOUT_RETURN_TYPE = YES_ERROR;
				GCC_WARN_UNDECLARED_SELECTOR = YES;
				GCC_WARN_UNINITIALIZED_AUTOS = YES_AGGRESSIVE;
				GCC_WARN_UNUSED_FUNCTION = YES;
				GCC_WARN_UNUSED_VARIABLE = YES;
				IPHONEOS_DEPLOYMENT_TARGET = 14.0;
				MTL_ENABLE_DEBUG_INFO = INCLUDE_SOURCE;
				MTL_FAST_MATH = YES;
				ONLY_ACTIVE_ARCH = YES;
				SDKROOT = iphoneos;
			};
			name = Debug;
		};
		3ABC9F442582721700471A6C /* Release */ = {
			isa = XCBuildConfiguration;
			buildSettings = {
				ALWAYS_SEARCH_USER_PATHS = NO;
				CLANG_ANALYZER_NONNULL = YES;
				CLANG_ANALYZER_NUMBER_OBJECT_CONVERSION = YES_AGGRESSIVE;
				CLANG_CXX_LANGUAGE_STANDARD = "gnu++14";
				CLANG_CXX_LIBRARY = "libc++";
				CLANG_ENABLE_MODULES = YES;
				CLANG_ENABLE_OBJC_ARC = YES;
				CLANG_ENABLE_OBJC_WEAK = YES;
				CLANG_WARN_BLOCK_CAPTURE_AUTORELEASING = YES;
				CLANG_WARN_BOOL_CONVERSION = YES;
				CLANG_WARN_COMMA = YES;
				CLANG_WARN_CONSTANT_CONVERSION = YES;
				CLANG_WARN_DEPRECATED_OBJC_IMPLEMENTATIONS = YES;
				CLANG_WARN_DIRECT_OBJC_ISA_USAGE = YES_ERROR;
				CLANG_WARN_DOCUMENTATION_COMMENTS = YES;
				CLANG_WARN_EMPTY_BODY = YES;
				CLANG_WARN_ENUM_CONVERSION = YES;
				CLANG_WARN_INFINITE_RECURSION = YES;
				CLANG_WARN_INT_CONVERSION = YES;
				CLANG_WARN_NON_LITERAL_NULL_CONVERSION = YES;
				CLANG_WARN_OBJC_IMPLICIT_RETAIN_SELF = YES;
				CLANG_WARN_OBJC_LITERAL_CONVERSION = YES;
				CLANG_WARN_OBJC_ROOT_CLASS = YES_ERROR;
				CLANG_WARN_QUOTED_INCLUDE_IN_FRAMEWORK_HEADER = YES;
				CLANG_WARN_RANGE_LOOP_ANALYSIS = YES;
				CLANG_WARN_STRICT_PROTOTYPES = YES;
				CLANG_WARN_SUSPICIOUS_MOVE = YES;
				CLANG_WARN_UNGUARDED_AVAILABILITY = YES_AGGRESSIVE;
				CLANG_WARN_UNREACHABLE_CODE = YES;
				CLANG_WARN__DUPLICATE_METHOD_MATCH = YES;
				COPY_PHASE_STRIP = NO;
				DEBUG_INFORMATION_FORMAT = "dwarf-with-dsym";
				ENABLE_NS_ASSERTIONS = NO;
				ENABLE_STRICT_OBJC_MSGSEND = YES;
				GCC_C_LANGUAGE_STANDARD = gnu11;
				GCC_NO_COMMON_BLOCKS = YES;
				GCC_WARN_64_TO_32_BIT_CONVERSION = YES;
				GCC_WARN_ABOUT_RETURN_TYPE = YES_ERROR;
				GCC_WARN_UNDECLARED_SELECTOR = YES;
				GCC_WARN_UNINITIALIZED_AUTOS = YES_AGGRESSIVE;
				GCC_WARN_UNUSED_FUNCTION = YES;
				GCC_WARN_UNUSED_VARIABLE = YES;
				IPHONEOS_DEPLOYMENT_TARGET = 14.0;
				MTL_ENABLE_DEBUG_INFO = NO;
				MTL_FAST_MATH = YES;
				SDKROOT = iphoneos;
				VALIDATE_PRODUCT = YES;
			};
			name = Release;
		};
		3ABC9F462582721700471A6C /* Debug */ = {
			isa = XCBuildConfiguration;
			baseConfigurationReference = 70ED342F5D2159EDBD89FF7D /* Pods-InstantCut.debug.xcconfig */;
			buildSettings = {
				ASSETCATALOG_COMPILER_APPICON_NAME = AppIcon;
				ASSETCATALOG_COMPILER_GLOBAL_ACCENT_COLOR_NAME = AccentColor;
				CODE_SIGN_STYLE = Automatic;
				DEVELOPMENT_TEAM = 34768TZSZ3;
				INFOPLIST_FILE = InstantCut/Info.plist;
				LD_RUNPATH_SEARCH_PATHS = (
					"$(inherited)",
					"@executable_path/Frameworks",
				);
				PRODUCT_BUNDLE_IDENTIFIER = tp.com.InstantCut;
				PRODUCT_NAME = "$(TARGET_NAME)";
				TARGETED_DEVICE_FAMILY = "1,2";
			};
			name = Debug;
		};
		3ABC9F472582721700471A6C /* Release */ = {
			isa = XCBuildConfiguration;
			baseConfigurationReference = 8E40353C9E68F869C080338E /* Pods-InstantCut.release.xcconfig */;
			buildSettings = {
				ASSETCATALOG_COMPILER_APPICON_NAME = AppIcon;
				ASSETCATALOG_COMPILER_GLOBAL_ACCENT_COLOR_NAME = AccentColor;
				CODE_SIGN_STYLE = Automatic;
				DEVELOPMENT_TEAM = 34768TZSZ3;
				INFOPLIST_FILE = InstantCut/Info.plist;
				LD_RUNPATH_SEARCH_PATHS = (
					"$(inherited)",
					"@executable_path/Frameworks",
				);
				PRODUCT_BUNDLE_IDENTIFIER = tp.com.InstantCut;
				PRODUCT_NAME = "$(TARGET_NAME)";
				TARGETED_DEVICE_FAMILY = "1,2";
			};
			name = Release;
		};
/* End XCBuildConfiguration section */

/* Begin XCConfigurationList section */
		3ABC9F272582721500471A6C /* Build configuration list for PBXProject "InstantCut" */ = {
			isa = XCConfigurationList;
			buildConfigurations = (
				3ABC9F432582721700471A6C /* Debug */,
				3ABC9F442582721700471A6C /* Release */,
			);
			defaultConfigurationIsVisible = 0;
			defaultConfigurationName = Release;
		};
		3ABC9F452582721700471A6C /* Build configuration list for PBXNativeTarget "InstantCut" */ = {
			isa = XCConfigurationList;
			buildConfigurations = (
				3ABC9F462582721700471A6C /* Debug */,
				3ABC9F472582721700471A6C /* Release */,
			);
			defaultConfigurationIsVisible = 0;
			defaultConfigurationName = Release;
		};
/* End XCConfigurationList section */
	};
	rootObject = 3ABC9F242582721500471A6C /* Project object */;
}
